// !$*UTF8*$!
{
	archiveVersion = 1;
	classes = {
	};
	objectVersion = 48;
	objects = {

/* Begin PBXBuildFile section */
		2F51D4792072802300B3777A /* CollactionVC.swift in Sources */ = {isa = PBXBuildFile; fileRef = 2F51D4782072802300B3777A /* CollactionVC.swift */; };
		2F5B4B2F2062E2E500CF6BF7 /* AppDelegate.swift in Sources */ = {isa = PBXBuildFile; fileRef = 2F5B4B2E2062E2E500CF6BF7 /* AppDelegate.swift */; };
		2F5B4B312062E2E500CF6BF7 /* MemeEditorVC.swift in Sources */ = {isa = PBXBuildFile; fileRef = 2F5B4B302062E2E500CF6BF7 /* MemeEditorVC.swift */; };
		2F5B4B342062E2E500CF6BF7 /* Main.storyboard in Resources */ = {isa = PBXBuildFile; fileRef = 2F5B4B322062E2E500CF6BF7 /* Main.storyboard */; };
		2F5B4B362062E2E500CF6BF7 /* Assets.xcassets in Resources */ = {isa = PBXBuildFile; fileRef = 2F5B4B352062E2E500CF6BF7 /* Assets.xcassets */; };
		2F5B4B392062E2E500CF6BF7 /* LaunchScreen.storyboard in Resources */ = {isa = PBXBuildFile; fileRef = 2F5B4B372062E2E500CF6BF7 /* LaunchScreen.storyboard */; };
		2F7E8A16206AB77F00F72A75 /* Meme.swift in Sources */ = {isa = PBXBuildFile; fileRef = 2F7E8A15206AB77F00F72A75 /* Meme.swift */; };
		2F7E8A18206ABA5200F72A75 /* MemeData.swift in Sources */ = {isa = PBXBuildFile; fileRef = 2F7E8A17206ABA5200F72A75 /* MemeData.swift */; };
		2F8CC8522078EE6D00555A21 /* CollectionViewCell.swift in Sources */ = {isa = PBXBuildFile; fileRef = 2F8CC8512078EE6D00555A21 /* CollectionViewCell.swift */; };
		2F8CC8542078EFF600555A21 /* MemeDetailViewController.swift in Sources */ = {isa = PBXBuildFile; fileRef = 2F8CC8532078EFF600555A21 /* MemeDetailViewController.swift */; };
		2FEF48D0206CF997001F7835 /* ListMemeVC.swift in Sources */ = {isa = PBXBuildFile; fileRef = 2FEF48CF206CF997001F7835 /* ListMemeVC.swift */; };
/* End PBXBuildFile section */

/* Begin PBXFileReference section */
		2F51D4782072802300B3777A /* CollactionVC.swift */ = {isa = PBXFileReference; lastKnownFileType = sourcecode.swift; path = CollactionVC.swift; sourceTree = "<group>"; };
		2F5B4B2B2062E2E500CF6BF7 /* MemeMe.app */ = {isa = PBXFileReference; explicitFileType = wrapper.application; includeInIndex = 0; path = MemeMe.app; sourceTree = BUILT_PRODUCTS_DIR; };
		2F5B4B2E2062E2E500CF6BF7 /* AppDelegate.swift */ = {isa = PBXFileReference; lastKnownFileType = sourcecode.swift; path = AppDelegate.swift; sourceTree = "<group>"; };
		2F5B4B302062E2E500CF6BF7 /* MemeEditorVC.swift */ = {isa = PBXFileReference; lastKnownFileType = sourcecode.swift; path = MemeEditorVC.swift; sourceTree = "<group>"; };
		2F5B4B332062E2E500CF6BF7 /* Base */ = {isa = PBXFileReference; lastKnownFileType = file.storyboard; name = Base; path = Base.lproj/Main.storyboard; sourceTree = "<group>"; };
		2F5B4B352062E2E500CF6BF7 /* Assets.xcassets */ = {isa = PBXFileReference; lastKnownFileType = folder.assetcatalog; path = Assets.xcassets; sourceTree = "<group>"; };
		2F5B4B382062E2E500CF6BF7 /* Base */ = {isa = PBXFileReference; lastKnownFileType = file.storyboard; name = Base; path = Base.lproj/LaunchScreen.storyboard; sourceTree = "<group>"; };
		2F5B4B3A2062E2E500CF6BF7 /* Info.plist */ = {isa = PBXFileReference; lastKnownFileType = text.plist.xml; path = Info.plist; sourceTree = "<group>"; };
		2F7E8A15206AB77F00F72A75 /* Meme.swift */ = {isa = PBXFileReference; lastKnownFileType = sourcecode.swift; path = Meme.swift; sourceTree = "<group>"; };
		2F7E8A17206ABA5200F72A75 /* MemeData.swift */ = {isa = PBXFileReference; lastKnownFileType = sourcecode.swift; path = MemeData.swift; sourceTree = "<group>"; };
		2F8CC8512078EE6D00555A21 /* CollectionViewCell.swift */ = {isa = PBXFileReference; lastKnownFileType = sourcecode.swift; path = CollectionViewCell.swift; sourceTree = "<group>"; };
		2F8CC8532078EFF600555A21 /* MemeDetailViewController.swift */ = {isa = PBXFileReference; lastKnownFileType = sourcecode.swift; path = MemeDetailViewController.swift; sourceTree = "<group>"; };
		2FEF48CF206CF997001F7835 /* ListMemeVC.swift */ = {isa = PBXFileReference; lastKnownFileType = sourcecode.swift; path = ListMemeVC.swift; sourceTree = "<group>"; };
/* End PBXFileReference section */

/* Begin PBXFrameworksBuildPhase section */
		2F5B4B282062E2E500CF6BF7 /* Frameworks */ = {
			isa = PBXFrameworksBuildPhase;
			buildActionMask = 2147483647;
			files = (
			);
			runOnlyForDeploymentPostprocessing = 0;
		};
/* End PBXFrameworksBuildPhase section */

/* Begin PBXGroup section */
		2F5B4B222062E2E500CF6BF7 = {
			isa = PBXGroup;
			children = (
				2F5B4B2D2062E2E500CF6BF7 /* MemeMe */,
				2F5B4B2C2062E2E500CF6BF7 /* Products */,
			);
			sourceTree = "<group>";
		};
		2F5B4B2C2062E2E500CF6BF7 /* Products */ = {
			isa = PBXGroup;
			children = (
				2F5B4B2B2062E2E500CF6BF7 /* MemeMe.app */,
			);
			name = Products;
			sourceTree = "<group>";
		};
		2F5B4B2D2062E2E500CF6BF7 /* MemeMe */ = {
			isa = PBXGroup;
			children = (
				2F5B4B2E2062E2E500CF6BF7 /* AppDelegate.swift */,
				2F5B4B302062E2E500CF6BF7 /* MemeEditorVC.swift */,
				2F5B4B322062E2E500CF6BF7 /* Main.storyboard */,
				2F5B4B352062E2E500CF6BF7 /* Assets.xcassets */,
				2F5B4B372062E2E500CF6BF7 /* LaunchScreen.storyboard */,
				2F5B4B3A2062E2E500CF6BF7 /* Info.plist */,
				2F7E8A15206AB77F00F72A75 /* Meme.swift */,
				2F7E8A17206ABA5200F72A75 /* MemeData.swift */,
				2FEF48CF206CF997001F7835 /* ListMemeVC.swift */,
				2F51D4782072802300B3777A /* CollactionVC.swift */,
				2F8CC8512078EE6D00555A21 /* CollectionViewCell.swift */,
				2F8CC8532078EFF600555A21 /* MemeDetailViewController.swift */,
			);
			path = MemeMe;
			sourceTree = "<group>";
		};
/* End PBXGroup section */

/* Begin PBXNativeTarget section */
		2F5B4B2A2062E2E500CF6BF7 /* MemeMe */ = {
			isa = PBXNativeTarget;
			buildConfigurationList = 2F5B4B3D2062E2E500CF6BF7 /* Build configuration list for PBXNativeTarget "MemeMe" */;
			buildPhases = (
				2F5B4B272062E2E500CF6BF7 /* Sources */,
				2F5B4B282062E2E500CF6BF7 /* Frameworks */,
				2F5B4B292062E2E500CF6BF7 /* Resources */,
			);
			buildRules = (
			);
			dependencies = (
			);
			name = MemeMe;
			productName = MemeMe;
			productReference = 2F5B4B2B2062E2E500CF6BF7 /* MemeMe.app */;
			productType = "com.apple.product-type.application";
		};
/* End PBXNativeTarget section */

/* Begin PBXProject section */
		2F5B4B232062E2E500CF6BF7 /* Project object */ = {
			isa = PBXProject;
			attributes = {
				LastSwiftUpdateCheck = 0920;
				LastUpgradeCheck = 0920;
				ORGANIZATIONNAME = "kartik patel";
				TargetAttributes = {
					2F5B4B2A2062E2E500CF6BF7 = {
						CreatedOnToolsVersion = 9.2;
						ProvisioningStyle = Automatic;
					};
				};
			};
			buildConfigurationList = 2F5B4B262062E2E500CF6BF7 /* Build configuration list for PBXProject "MemeMe" */;
			compatibilityVersion = "Xcode 8.0";
			developmentRegion = en;
			hasScannedForEncodings = 0;
			knownRegions = (
				en,
				Base,
			);
			mainGroup = 2F5B4B222062E2E500CF6BF7;
			productRefGroup = 2F5B4B2C2062E2E500CF6BF7 /* Products */;
			projectDirPath = "";
			projectRoot = "";
			targets = (
				2F5B4B2A2062E2E500CF6BF7 /* MemeMe */,
			);
		};
/* End PBXProject section */

/* Begin PBXResourcesBuildPhase section */
		2F5B4B292062E2E500CF6BF7 /* Resources */ = {
			isa = PBXResourcesBuildPhase;
			buildActionMask = 2147483647;
			files = (
				2F5B4B392062E2E500CF6BF7 /* LaunchScreen.storyboard in Resources */,
				2F5B4B362062E2E500CF6BF7 /* Assets.xcassets in Resources */,
				2F5B4B342062E2E500CF6BF7 /* Main.storyboard in Resources */,
			);
			runOnlyForDeploymentPostprocessing = 0;
		};
/* End PBXResourcesBuildPhase section */

/* Begin PBXSourcesBuildPhase section */
		2F5B4B272062E2E500CF6BF7 /* Sources */ = {
			isa = PBXSourcesBuildPhase;
			buildActionMask = 2147483647;
			files = (
				2FEF48D0206CF997001F7835 /* ListMemeVC.swift in Sources */,
				2F7E8A16206AB77F00F72A75 /* Meme.swift in Sources */,
				2F5B4B312062E2E500CF6BF7 /* MemeEditorVC.swift in Sources */,
				2F8CC8522078EE6D00555A21 /* CollectionViewCell.swift in Sources */,
				2F5B4B2F2062E2E500CF6BF7 /* AppDelegate.swift in Sources */,
				2F7E8A18206ABA5200F72A75 /* MemeData.swift in Sources */,
				2F51D4792072802300B3777A /* CollactionVC.swift in Sources */,
				2F8CC8542078EFF600555A21 /* MemeDetailViewController.swift in Sources */,
			);
			runOnlyForDeploymentPostprocessing = 0;
		};
/* End PBXSourcesBuildPhase section */

/* Begin PBXVariantGroup section */
		2F5B4B322062E2E500CF6BF7 /* Main.storyboard */ = {
			isa = PBXVariantGroup;
			children = (
				2F5B4B332062E2E500CF6BF7 /* Base */,
			);
			name = Main.storyboard;
			sourceTree = "<group>";
		};
		2F5B4B372062E2E500CF6BF7 /* LaunchScreen.storyboard */ = {
			isa = PBXVariantGroup;
			children = (
				2F5B4B382062E2E500CF6BF7 /* Base */,
			);
			name = LaunchScreen.storyboard;
			sourceTree = "<group>";
		};
/* End PBXVariantGroup section */

/* Begin XCBuildConfiguration section */
		2F5B4B3B2062E2E500CF6BF7 /* Debug */ = {
			isa = XCBuildConfiguration;
			buildSettings = {
				ALWAYS_SEARCH_USER_PATHS = NO;
				CLANG_ANALYZER_NONNULL = YES;
				CLANG_ANALYZER_NUMBER_OBJECT_CONVERSION = YES_AGGRESSIVE;
				CLANG_CXX_LANGUAGE_STANDARD = "gnu++14";
				CLANG_CXX_LIBRARY = "libc++";
				CLANG_ENABLE_MODULES = YES;
				CLANG_ENABLE_OBJC_ARC = YES;
				CLANG_WARN_BLOCK_CAPTURE_AUTORELEASING = YES;
				CLANG_WARN_BOOL_CONVERSION = YES;
				CLANG_WARN_COMMA = YES;
				CLANG_WARN_CONSTANT_CONVERSION = YES;
				CLANG_WARN_DIRECT_OBJC_ISA_USAGE = YES_ERROR;
				CLANG_WARN_DOCUMENTATION_COMMENTS = YES;
				CLANG_WARN_EMPTY_BODY = YES;
				CLANG_WARN_ENUM_CONVERSION = YES;
				CLANG_WARN_INFINITE_RECURSION = YES;
				CLANG_WARN_INT_CONVERSION = YES;
				CLANG_WARN_NON_LITERAL_NULL_CONVERSION = YES;
				CLANG_WARN_OBJC_LITERAL_CONVERSION = YES;
				CLANG_WARN_OBJC_ROOT_CLASS = YES_ERROR;
				CLANG_WARN_RANGE_LOOP_ANALYSIS = YES;
				CLANG_WARN_STRICT_PROTOTYPES = YES;
				CLANG_WARN_SUSPICIOUS_MOVE = YES;
				CLANG_WARN_UNGUARDED_AVAILABILITY = YES_AGGRESSIVE;
				CLANG_WARN_UNREACHABLE_CODE = YES;
				CLANG_WARN__DUPLICATE_METHOD_MATCH = YES;
				CODE_SIGN_IDENTITY = "iPhone Developer";
				COPY_PHASE_STRIP = NO;
				DEBUG_INFORMATION_FORMAT = dwarf;
				ENABLE_STRICT_OBJC_MSGSEND = YES;
				ENABLE_TESTABILITY = YES;
				GCC_C_LANGUAGE_STANDARD = gnu11;
				GCC_DYNAMIC_NO_PIC = NO;
				GCC_NO_COMMON_BLOCKS = YES;
				GCC_OPTIMIZATION_LEVEL = 0;
				GCC_PREPROCESSOR_DEFINITIONS = (
					"DEBUG=1",
					"$(inherited)",
				);
				GCC_WARN_64_TO_32_BIT_CONVERSION = YES;
				GCC_WARN_ABOUT_RETURN_TYPE = YES_ERROR;
				GCC_WARN_UNDECLARED_SELECTOR = YES;
				GCC_WARN_UNINITIALIZED_AUTOS = YES_AGGRESSIVE;
				GCC_WARN_UNUSED_FUNCTION = YES;
				GCC_WARN_UNUSED_VARIABLE = YES;
				IPHONEOS_DEPLOYMENT_TARGET = 11.2;
				MTL_ENABLE_DEBUG_INFO = YES;
				ONLY_ACTIVE_ARCH = YES;
				SDKROOT = iphoneos;
				SWIFT_ACTIVE_COMPILATION_CONDITIONS = DEBUG;
				SWIFT_OPTIMIZATION_LEVEL = "-Onone";
			};
			name = Debug;
		};
		2F5B4B3C2062E2E500CF6BF7 /* Release */ = {
			isa = XCBuildConfiguration;
			buildSettings = {
				ALWAYS_SEARCH_USER_PATHS = NO;
				CLANG_ANALYZER_NONNULL = YES;
				CLANG_ANALYZER_NUMBER_OBJECT_CONVERSION = YES_AGGRESSIVE;
				CLANG_CXX_LANGUAGE_STANDARD = "gnu++14";
				CLANG_CXX_LIBRARY = "libc++";
				CLANG_ENABLE_MODULES = YES;
				CLANG_ENABLE_OBJC_ARC = YES;
				CLANG_WARN_BLOCK_CAPTURE_AUTORELEASING = YES;
				CLANG_WARN_BOOL_CONVERSION = YES;
				CLANG_WARN_COMMA = YES;
				CLANG_WARN_CONSTANT_CONVERSION = YES;
				CLANG_WARN_DIRECT_OBJC_ISA_USAGE = YES_ERROR;
				CLANG_WARN_DOCUMENTATION_COMMENTS = YES;
				CLANG_WARN_EMPTY_BODY = YES;
				CLANG_WARN_ENUM_CONVERSION = YES;
				CLANG_WARN_INFINITE_RECURSION = YES;
				CLANG_WARN_INT_CONVERSION = YES;
				CLANG_WARN_NON_LITERAL_NULL_CONVERSION = YES;
				CLANG_WARN_OBJC_LITERAL_CONVERSION = YES;
				CLANG_WARN_OBJC_ROOT_CLASS = YES_ERROR;
				CLANG_WARN_RANGE_LOOP_ANALYSIS = YES;
				CLANG_WARN_STRICT_PROTOTYPES = YES;
				CLANG_WARN_SUSPICIOUS_MOVE = YES;
				CLANG_WARN_UNGUARDED_AVAILABILITY = YES_AGGRESSIVE;
				CLANG_WARN_UNREACHABLE_CODE = YES;
				CLANG_WARN__DUPLICATE_METHOD_MATCH = YES;
				CODE_SIGN_IDENTITY = "iPhone Developer";
				COPY_PHASE_STRIP = NO;
				DEBUG_INFORMATION_FORMAT = "dwarf-with-dsym";
				ENABLE_NS_ASSERTIONS = NO;
				ENABLE_STRICT_OBJC_MSGSEND = YES;
				GCC_C_LANGUAGE_STANDARD = gnu11;
				GCC_NO_COMMON_BLOCKS = YES;
				GCC_WARN_64_TO_32_BIT_CONVERSION = YES;
				GCC_WARN_ABOUT_RETURN_TYPE = YES_ERROR;
				GCC_WARN_UNDECLARED_SELECTOR = YES;
				GCC_WARN_UNINITIALIZED_AUTOS = YES_AGGRESSIVE;
				GCC_WARN_UNUSED_FUNCTION = YES;
				GCC_WARN_UNUSED_VARIABLE = YES;
				IPHONEOS_DEPLOYMENT_TARGET = 11.2;
				MTL_ENABLE_DEBUG_INFO = NO;
				SDKROOT = iphoneos;
				SWIFT_OPTIMIZATION_LEVEL = "-Owholemodule";
				VALIDATE_PRODUCT = YES;
			};
			name = Release;
		};
		2F5B4B3E2062E2E500CF6BF7 /* Debug */ = {
			isa = XCBuildConfiguration;
			buildSettings = {
				ASSETCATALOG_COMPILER_APPICON_NAME = AppIcon;
				CODE_SIGN_STYLE = Automatic;
				DEVELOPMENT_TEAM = N6DE2RG56G;
				INFOPLIST_FILE = MemeMe/Info.plist;
				LD_RUNPATH_SEARCH_PATHS = "$(inherited) @executable_path/Frameworks";
				PRODUCT_BUNDLE_IDENTIFIER = co.deucate.MemeMe;
				PRODUCT_NAME = "$(TARGET_NAME)";
				SWIFT_VERSION = 4.0;
				TARGETED_DEVICE_FAMILY = "1,2";
			};
			name = Debug;
		};
		2F5B4B3F2062E2E500CF6BF7 /* Release */ = {
			isa = XCBuildConfiguration;
			buildSettings = {
				ASSETCATALOG_COMPILER_APPICON_NAME = AppIcon;
				CODE_SIGN_STYLE = Automatic;
				DEVELOPMENT_TEAM = N6DE2RG56G;
				INFOPLIST_FILE = MemeMe/Info.plist;
				LD_RUNPATH_SEARCH_PATHS = "$(inherited) @executable_path/Frameworks";
				PRODUCT_BUNDLE_IDENTIFIER = co.deucate.MemeMe;
				PRODUCT_NAME = "$(TARGET_NAME)";
				SWIFT_VERSION = 4.0;
				TARGETED_DEVICE_FAMILY = "1,2";
			};
			name = Release;
		};
/* End XCBuildConfiguration section */

/* Begin XCConfigurationList section */
		2F5B4B262062E2E500CF6BF7 /* Build configuration list for PBXProject "MemeMe" */ = {
			isa = XCConfigurationList;
			buildConfigurations = (
				2F5B4B3B2062E2E500CF6BF7 /* Debug */,
				2F5B4B3C2062E2E500CF6BF7 /* Release */,
			);
			defaultConfigurationIsVisible = 0;
			defaultConfigurationName = Release;
		};
		2F5B4B3D2062E2E500CF6BF7 /* Build configuration list for PBXNativeTarget "MemeMe" */ = {
			isa = XCConfigurationList;
			buildConfigurations = (
				2F5B4B3E2062E2E500CF6BF7 /* Debug */,
				2F5B4B3F2062E2E500CF6BF7 /* Release */,
			);
			defaultConfigurationIsVisible = 0;
			defaultConfigurationName = Release;
		};
/* End XCConfigurationList section */
	};
	rootObject = 2F5B4B232062E2E500CF6BF7 /* Project object */;
}
